// !$*UTF8*$!
{
	archiveVersion = 1;
	classes = {
	};
	objectVersion = 46;
	objects = {

/* Begin PBXBuildFile section */
		9DE9864F1C5A1C96000DCAEB /* main.m in Sources */ = {isa = PBXBuildFile; fileRef = 9DE9864E1C5A1C96000DCAEB /* main.m */; };
		9DE986521C5A1C96000DCAEB /* AppDelegate.m in Sources */ = {isa = PBXBuildFile; fileRef = 9DE986511C5A1C96000DCAEB /* AppDelegate.m */; };
		9DE986551C5A1C96000DCAEB /* ViewController.m in Sources */ = {isa = PBXBuildFile; fileRef = 9DE986541C5A1C96000DCAEB /* ViewController.m */; };
		9DE986581C5A1C96000DCAEB /* Main.storyboard in Resources */ = {isa = PBXBuildFile; fileRef = 9DE986561C5A1C96000DCAEB /* Main.storyboard */; };
		9DE9865A1C5A1C96000DCAEB /* Assets.xcassets in Resources */ = {isa = PBXBuildFile; fileRef = 9DE986591C5A1C96000DCAEB /* Assets.xcassets */; };
		9DE9865D1C5A1C96000DCAEB /* LaunchScreen.storyboard in Resources */ = {isa = PBXBuildFile; fileRef = 9DE9865B1C5A1C96000DCAEB /* LaunchScreen.storyboard */; };
/* End PBXBuildFile section */

/* Begin PBXFileReference section */
		9DE9864A1C5A1C95000DCAEB /* test git.app */ = {isa = PBXFileReference; explicitFileType = wrapper.application; includeInIndex = 0; path = "test git.app"; sourceTree = BUILT_PRODUCTS_DIR; };
		9DE9864E1C5A1C96000DCAEB /* main.m */ = {isa = PBXFileReference; lastKnownFileType = sourcecode.c.objc; path = main.m; sourceTree = "<group>"; };
		9DE986501C5A1C96000DCAEB /* AppDelegate.h */ = {isa = PBXFileReference; lastKnownFileType = sourcecode.c.h; path = AppDelegate.h; sourceTree = "<group>"; };
		9DE986511C5A1C96000DCAEB /* AppDelegate.m */ = {isa = PBXFileReference; lastKnownFileType = sourcecode.c.objc; path = AppDelegate.m; sourceTree = "<group>"; };
		9DE986531C5A1C96000DCAEB /* ViewController.h */ = {isa = PBXFileReference; lastKnownFileType = sourcecode.c.h; path = ViewController.h; sourceTree = "<group>"; };
		9DE986541C5A1C96000DCAEB /* ViewController.m */ = {isa = PBXFileReference; lastKnownFileType = sourcecode.c.objc; path = ViewController.m; sourceTree = "<group>"; };
		9DE986571C5A1C96000DCAEB /* Base */ = {isa = PBXFileReference; lastKnownFileType = file.storyboard; name = Base; path = Base.lproj/Main.storyboard; sourceTree = "<group>"; };
		9DE986591C5A1C96000DCAEB /* Assets.xcassets */ = {isa = PBXFileReference; lastKnownFileType = folder.assetcatalog; path = Assets.xcassets; sourceTree = "<group>"; };
		9DE9865C1C5A1C96000DCAEB /* Base */ = {isa = PBXFileReference; lastKnownFileType = file.storyboard; name = Base; path = Base.lproj/LaunchScreen.storyboard; sourceTree = "<group>"; };
		9DE9865E1C5A1C96000DCAEB /* Info.plist */ = {isa = PBXFileReference; lastKnownFileType = text.plist.xml; path = Info.plist; sourceTree = "<group>"; };
/* End PBXFileReference section */

/* Begin PBXFrameworksBuildPhase section */
		9DE986471C5A1C95000DCAEB /* Frameworks */ = {
			isa = PBXFrameworksBuildPhase;
			buildActionMask = 2147483647;
			files = (
			);
			runOnlyForDeploymentPostprocessing = 0;
		};
/* End PBXFrameworksBuildPhase section */

/* Begin PBXGroup section */
		9DE986411C5A1C95000DCAEB = {
			isa = PBXGroup;
			children = (
				9DE9864C1C5A1C95000DCAEB /* test git */,
				9DE9864B1C5A1C95000DCAEB /* Products */,
			);
			sourceTree = "<group>";
		};
		9DE9864B1C5A1C95000DCAEB /* Products */ = {
			isa = PBXGroup;
			children = (
				9DE9864A1C5A1C95000DCAEB /* test git.app */,
			);
			name = Products;
			sourceTree = "<group>";
		};
		9DE9864C1C5A1C95000DCAEB /* test git */ = {
			isa = PBXGroup;
			children = (
				9DE986501C5A1C96000DCAEB /* AppDelegate.h */,
				9DE986511C5A1C96000DCAEB /* AppDelegate.m */,
				9DE986531C5A1C96000DCAEB /* ViewController.h */,
				9DE986541C5A1C96000DCAEB /* ViewController.m */,
				9DE986561C5A1C96000DCAEB /* Main.storyboard */,
				9DE986591C5A1C96000DCAEB /* Assets.xcassets */,
				9DE9865B1C5A1C96000DCAEB /* LaunchScreen.storyboard */,
				9DE9865E1C5A1C96000DCAEB /* Info.plist */,
				9DE9864D1C5A1C95000DCAEB /* Supporting Files */,
			);
			path = "test git";
			sourceTree = "<group>";
		};
		9DE9864D1C5A1C95000DCAEB /* Supporting Files */ = {
			isa = PBXGroup;
			children = (
				9DE9864E1C5A1C96000DCAEB /* main.m */,
			);
			name = "Supporting Files";
			sourceTree = "<group>";
		};
/* End PBXGroup section */

/* Begin PBXNativeTarget section */
		9DE986491C5A1C95000DCAEB /* test git */ = {
			isa = PBXNativeTarget;
			buildConfigurationList = 9DE986611C5A1C96000DCAEB /* Build configuration list for PBXNativeTarget "test git" */;
			buildPhases = (
				9DE986461C5A1C95000DCAEB /* Sources */,
				9DE986471C5A1C95000DCAEB /* Frameworks */,
				9DE986481C5A1C95000DCAEB /* Resources */,
			);
			buildRules = (
			);
			dependencies = (
			);
			name = "test git";
			productName = "test git";
			productReference = 9DE9864A1C5A1C95000DCAEB /* test git.app */;
			productType = "com.apple.product-type.application";
		};
/* End PBXNativeTarget section */

/* Begin PBXProject section */
		9DE986421C5A1C95000DCAEB /* Project object */ = {
			isa = PBXProject;
			attributes = {
				LastUpgradeCheck = 0720;
				ORGANIZATIONNAME = 123;
				TargetAttributes = {
					9DE986491C5A1C95000DCAEB = {
						CreatedOnToolsVersion = 7.2;
					};
				};
			};
			buildConfigurationList = 9DE986451C5A1C95000DCAEB /* Build configuration list for PBXProject "test git" */;
			compatibilityVersion = "Xcode 3.2";
			developmentRegion = English;
			hasScannedForEncodings = 0;
			knownRegions = (
				en,
				Base,
			);
			mainGroup = 9DE986411C5A1C95000DCAEB;
			productRefGroup = 9DE9864B1C5A1C95000DCAEB /* Products */;
			projectDirPath = "";
			projectRoot = "";
			targets = (
				9DE986491C5A1C95000DCAEB /* test git */,
			);
		};
/* End PBXProject section */

/* Begin PBXResourcesBuildPhase section */
		9DE986481C5A1C95000DCAEB /* Resources */ = {
			isa = PBXResourcesBuildPhase;
			buildActionMask = 2147483647;
			files = (
				9DE9865D1C5A1C96000DCAEB /* LaunchScreen.storyboard in Resources */,
				9DE9865A1C5A1C96000DCAEB /* Assets.xcassets in Resources */,
				9DE986581C5A1C96000DCAEB /* Main.storyboard in Resources */,
			);
			runOnlyForDeploymentPostprocessing = 0;
		};
/* End PBXResourcesBuildPhase section */

/* Begin PBXSourcesBuildPhase section */
		9DE986461C5A1C95000DCAEB /* Sources */ = {
			isa = PBXSourcesBuildPhase;
			buildActionMask = 2147483647;
			files = (
				9DE986551C5A1C96000DCAEB /* ViewController.m in Sources */,
				9DE986521C5A1C96000DCAEB /* AppDelegate.m in Sources */,
				9DE9864F1C5A1C96000DCAEB /* main.m in Sources */,
			);
			runOnlyForDeploymentPostprocessing = 0;
		};
/* End PBXSourcesBuildPhase section */

/* Begin PBXVariantGroup section */
		9DE986561C5A1C96000DCAEB /* Main.storyboard */ = {
			isa = PBXVariantGroup;
			children = (
				9DE986571C5A1C96000DCAEB /* Base */,
			);
			name = Main.storyboard;
			sourceTree = "<group>";
		};
		9DE9865B1C5A1C96000DCAEB /* LaunchScreen.storyboard */ = {
			isa = PBXVariantGroup;
			children = (
				9DE9865C1C5A1C96000DCAEB /* Base */,
			);
			name = LaunchScreen.storyboard;
			sourceTree = "<group>";
		};
/* End PBXVariantGroup section */

/* Begin XCBuildConfiguration section */
		9DE9865F1C5A1C96000DCAEB /* Debug */ = {
			isa = XCBuildConfiguration;
			buildSettings = {
				ALWAYS_SEARCH_USER_PATHS = NO;
				CLANG_CXX_LANGUAGE_STANDARD = "gnu++0x";
				CLANG_CXX_LIBRARY = "libc++";
				CLANG_ENABLE_MODULES = YES;
				CLANG_ENABLE_OBJC_ARC = YES;
				CLANG_WARN_BOOL_CONVERSION = YES;
				CLANG_WARN_CONSTANT_CONVERSION = YES;
				CLANG_WARN_DIRECT_OBJC_ISA_USAGE = YES_ERROR;
				CLANG_WARN_EMPTY_BODY = YES;
				CLANG_WARN_ENUM_CONVERSION = YES;
				CLANG_WARN_INT_CONVERSION = YES;
				CLANG_WARN_OBJC_ROOT_CLASS = YES_ERROR;
				CLANG_WARN_UNREACHABLE_CODE = YES;
				CLANG_WARN__DUPLICATE_METHOD_MATCH = YES;
				"CODE_SIGN_IDENTITY[sdk=iphoneos*]" = "iPhone Developer";
				COPY_PHASE_STRIP = NO;
				DEBUG_INFORMATION_FORMAT = dwarf;
				ENABLE_STRICT_OBJC_MSGSEND = YES;
				ENABLE_TESTABILITY = YES;
				GCC_C_LANGUAGE_STANDARD = gnu99;
				GCC_DYNAMIC_NO_PIC = NO;
				GCC_NO_COMMON_BLOCKS = YES;
				GCC_OPTIMIZATION_LEVEL = 0;
				GCC_PREPROCESSOR_DEFINITIONS = (
					"DEBUG=1",
					"$(inherited)",
				);
				GCC_WARN_64_TO_32_BIT_CONVERSION = YES;
				GCC_WARN_ABOUT_RETURN_TYPE = YES_ERROR;
				GCC_WARN_UNDECLARED_SELECTOR = YES;
				GCC_WARN_UNINITIALIZED_AUTOS = YES_AGGRESSIVE;
				GCC_WARN_UNUSED_FUNCTION = YES;
				GCC_WARN_UNUSED_VARIABLE = YES;
				IPHONEOS_DEPLOYMENT_TARGET = 9.2;
				MTL_ENABLE_DEBUG_INFO = YES;
				ONLY_ACTIVE_ARCH = YES;
				SDKROOT = iphoneos;
				TARGETED_DEVICE_FAMILY = "1,2";
			};
			name = Debug;
		};
		9DE986601C5A1C96000DCAEB /* Release */ = {
			isa = XCBuildConfiguration;
			buildSettings = {
				ALWAYS_SEARCH_USER_PATHS = NO;
				CLANG_CXX_LANGUAGE_STANDARD = "gnu++0x";
				CLANG_CXX_LIBRARY = "libc++";
				CLANG_ENABLE_MODULES = YES;
				CLANG_ENABLE_OBJC_ARC = YES;
				CLANG_WARN_BOOL_CONVERSION = YES;
				CLANG_WARN_CONSTANT_CONVERSION = YES;
				CLANG_WARN_DIRECT_OBJC_ISA_USAGE = YES_ERROR;
				CLANG_WARN_EMPTY_BODY = YES;
				CLANG_WARN_ENUM_CONVERSION = YES;
				CLANG_WARN_INT_CONVERSION = YES;
				CLANG_WARN_OBJC_ROOT_CLASS = YES_ERROR;
				CLANG_WARN_UNREACHABLE_CODE = YES;
				CLANG_WARN__DUPLICATE_METHOD_MATCH = YES;
				"CODE_SIGN_IDENTITY[sdk=iphoneos*]" = "iPhone Developer";
				COPY_PHASE_STRIP = NO;
				DEBUG_INFORMATION_FORMAT = "dwarf-with-dsym";
				ENABLE_NS_ASSERTIONS = NO;
				ENABLE_STRICT_OBJC_MSGSEND = YES;
				GCC_C_LANGUAGE_STANDARD = gnu99;
				GCC_NO_COMMON_BLOCKS = YES;
				GCC_WARN_64_TO_32_BIT_CONVERSION = YES;
				GCC_WARN_ABOUT_RETURN_TYPE = YES_ERROR;
				GCC_WARN_UNDECLARED_SELECTOR = YES;
				GCC_WARN_UNINITIALIZED_AUTOS = YES_AGGRESSIVE;
				GCC_WARN_UNUSED_FUNCTION = YES;
				GCC_WARN_UNUSED_VARIABLE = YES;
				IPHONEOS_DEPLOYMENT_TARGET = 9.2;
				MTL_ENABLE_DEBUG_INFO = NO;
				SDKROOT = iphoneos;
				TARGETED_DEVICE_FAMILY = "1,2";
				VALIDATE_PRODUCT = YES;
			};
			name = Release;
		};
		9DE986621C5A1C96000DCAEB /* Debug */ = {
			isa = XCBuildConfiguration;
			buildSettings = {
				ASSETCATALOG_COMPILER_APPICON_NAME = AppIcon;
				INFOPLIST_FILE = "test git/Info.plist";
				LD_RUNPATH_SEARCH_PATHS = "$(inherited) @executable_path/Frameworks";
				PRODUCT_BUNDLE_IDENTIFIER = "lijian-com.test-git";
				PRODUCT_NAME = "$(TARGET_NAME)";
			};
			name = Debug;
		};
		9DE986631C5A1C96000DCAEB /* Release */ = {
			isa = XCBuildConfiguration;
			buildSettings = {
				ASSETCATALOG_COMPILER_APPICON_NAME = AppIcon;
				INFOPLIST_FILE = "test git/Info.plist";
				LD_RUNPATH_SEARCH_PATHS = "$(inherited) @executable_path/Frameworks";
				PRODUCT_BUNDLE_IDENTIFIER = "lijian-com.test-git";
				PRODUCT_NAME = "$(TARGET_NAME)";
			};
			name = Release;
		};
/* End XCBuildConfiguration section */

/* Begin XCConfigurationList section */
		9DE986451C5A1C95000DCAEB /* Build configuration list for PBXProject "test git" */ = {
			isa = XCConfigurationList;
			buildConfigurations = (
				9DE9865F1C5A1C96000DCAEB /* Debug */,
				9DE986601C5A1C96000DCAEB /* Release */,
			);
			defaultConfigurationIsVisible = 0;
			defaultConfigurationName = Release;
		};
		9DE986611C5A1C96000DCAEB /* Build configuration list for PBXNativeTarget "test git" */ = {
			isa = XCConfigurationList;
			buildConfigurations = (
				9DE986621C5A1C96000DCAEB /* Debug */,
				9DE986631C5A1C96000DCAEB /* Release */,
			);
			defaultConfigurationIsVisible = 0;
		};
/* End XCConfigurationList section */
	};
	rootObject = 9DE986421C5A1C95000DCAEB /* Project object */;
}
